{
  "name": "start",
  "lockfileVersion": 2,
  "requires": true,
  "packages": {
    "": {
      "dependencies": {
        "pnpm": "^8.7.1"
      }
    },
    "node_modules/pnpm": {
      "version": "8.7.1",
      "resolved": "https://registry.npmmirror.com/pnpm/-/pnpm-8.7.1.tgz",
      "integrity": "sha512-Qbt3EhYUaXFS2k4FLQA7r2/eYz/JoDeG680/3UXG0Ga03LPuY4GgdvCLe+zO3M7ZnWG4VI4bAwk7QpJyfr5eqA==",
      "bin": {
        "pnpm": "bin/pnpm.cjs",
        "pnpx": "bin/pnpx.cjs"
      },
      "engines": {
        "node": ">=16.14"
      }
    }
  },
  "dependencies": {
    "pnpm": {
      "version": "8.7.1",
      "resolved": "https://registry.npmmirror.com/pnpm/-/pnpm-8.7.1.tgz",
      "integrity": "sha512-Qbt3EhYUaXFS2k4FLQA7r2/eYz/JoDeG680/3UXG0Ga03LPuY4GgdvCLe+zO3M7ZnWG4VI4bAwk7QpJyfr5eqA=="
    }
  }
}
